
Microsoft Visual Studio Solution File, Format Version 12.00
# Visual Studio Version 17
VisualStudioVersion = 17.8.34330.188
MinimumVisualStudioVersion = 10.0.40219.1
Project("{2150E333-8FDC-42A3-9474-1A3956D46DE8}") = "src", "src", "{145A7758-32B4-4BFE-9EAB-90F166910146}"
EndProject
Project("{FAE04EC0-301F-11D3-BF4B-00C04F79EFBC}") = "Ewenze.Domain", "Ewenze.Domain\Ewenze.Domain.csproj", "{5437F193-A1E0-44A5-AC63-EEB2ACADF471}"
EndProject
Project("{FAE04EC0-301F-11D3-BF4B-00C04F79EFBC}") = "Ewenze.Application", "Ewenze.Application\Ewenze.Application.csproj", "{0884F5BA-5D88-4BEF-B1F7-50F3AEEF0D0C}"
EndProject
Project("{FAE04EC0-301F-11D3-BF4B-00C04F79EFBC}") = "Ewenze.Infrastructure", "Ewenze.Infrastructure\Ewenze.Infrastructure.csproj", "{94965A4C-5F79-4A15-B123-C05AF422094F}"
EndProject
Project("{FAE04EC0-301F-11D3-BF4B-00C04F79EFBC}") = "Ewenze.API", "Ewenze.API\Ewenze.API.csproj", "{FC810897-CECF-4F05-ADBE-ABBF0BD7805E}"
EndProject
Global
	GlobalSection(SolutionConfigurationPlatforms) = preSolution
		Debug|Any CPU = Debug|Any CPU
		Release|Any CPU = Release|Any CPU
	EndGlobalSection
	GlobalSection(ProjectConfigurationPlatforms) = postSolution
		{5437F193-A1E0-44A5-AC63-EEB2ACADF471}.Debug|Any CPU.ActiveCfg = Debug|Any CPU
		{5437F193-A1E0-44A5-AC63-EEB2ACADF471}.Debug|Any CPU.Build.0 = Debug|Any CPU
		{5437F193-A1E0-44A5-AC63-EEB2ACADF471}.Release|Any CPU.ActiveCfg = Release|Any CPU
		{5437F193-A1E0-44A5-AC63-EEB2ACADF471}.Release|Any CPU.Build.0 = Release|Any CPU
		{0884F5BA-5D88-4BEF-B1F7-50F3AEEF0D0C}.Debug|Any CPU.ActiveCfg = Debug|Any CPU
		{0884F5BA-5D88-4BEF-B1F7-50F3AEEF0D0C}.Debug|Any CPU.Build.0 = Debug|Any CPU
		{0884F5BA-5D88-4BEF-B1F7-50F3AEEF0D0C}.Release|Any CPU.ActiveCfg = Release|Any CPU
		{0884F5BA-5D88-4BEF-B1F7-50F3AEEF0D0C}.Release|Any CPU.Build.0 = Release|Any CPU
		{94965A4C-5F79-4A15-B123-C05AF422094F}.Debug|Any CPU.ActiveCfg = Debug|Any CPU
		{94965A4C-5F79-4A15-B123-C05AF422094F}.Debug|Any CPU.Build.0 = Debug|Any CPU
		{94965A4C-5F79-4A15-B123-C05AF422094F}.Release|Any CPU.ActiveCfg = Release|Any CPU
		{94965A4C-5F79-4A15-B123-C05AF422094F}.Release|Any CPU.Build.0 = Release|Any CPU
		{FC810897-CECF-4F05-ADBE-ABBF0BD7805E}.Debug|Any CPU.ActiveCfg = Debug|Any CPU
		{FC810897-CECF-4F05-ADBE-ABBF0BD7805E}.Debug|Any CPU.Build.0 = Debug|Any CPU
		{FC810897-CECF-4F05-ADBE-ABBF0BD7805E}.Release|Any CPU.ActiveCfg = Release|Any CPU
		{FC810897-CECF-4F05-ADBE-ABBF0BD7805E}.Release|Any CPU.Build.0 = Release|Any CPU
	EndGlobalSection
	GlobalSection(SolutionProperties) = preSolution
		HideSolutionNode = FALSE
	EndGlobalSection
	GlobalSection(NestedProjects) = preSolution
		{5437F193-A1E0-44A5-AC63-EEB2ACADF471} = {145A7758-32B4-4BFE-9EAB-90F166910146}
		{0884F5BA-5D88-4BEF-B1F7-50F3AEEF0D0C} = {145A7758-32B4-4BFE-9EAB-90F166910146}
		{94965A4C-5F79-4A15-B123-C05AF422094F} = {145A7758-32B4-4BFE-9EAB-90F166910146}
		{FC810897-CECF-4F05-ADBE-ABBF0BD7805E} = {145A7758-32B4-4BFE-9EAB-90F166910146}
	EndGlobalSection
	GlobalSection(ExtensibilityGlobals) = postSolution
		SolutionGuid = {7D45A213-CA6B-4FBF-8037-DBD4BC90FD92}
	EndGlobalSection
EndGlobal
